<Project xmlns="http://schemas.microsoft.com/developer/msbuild/2003">
    <PropertyGroup>
        <ProjectGuid>{5B795F89-13E4-48F0-9B0B-43F62F9B23A1}</ProjectGuid>
        <ProjectVersion>20.3</ProjectVersion>
        <FrameworkType>None</FrameworkType>
        <Base>True</Base>
        <Config Condition="'$(Config)'==''">Release</Config>
        <Platform Condition="'$(Platform)'==''">Win32</Platform>
        <TargetedPlatforms>1</TargetedPlatforms>
        <AppType>Console</AppType>
        <MainSource>StressTesterGooPedir.dpr</MainSource>
        <ProjectName Condition="'$(ProjectName)'==''">StressTesterGooPedir</ProjectName>
    </PropertyGroup>
    <PropertyGroup Condition="'$(Base)'!=''">
        <DCC_DcuOutput>.\$(Platform)\$(Config)</DCC_DcuOutput>
        <DCC_ExeOutput>.\$(Platform)\$(Config)</DCC_ExeOutput>
        <DCC_Namespace>System;Xml;Data;Datasnap;Web;Soap;Vcl;Vcl.Imaging;Vcl.Touch;Vcl.Samples;Vcl.Shell;$(DCC_Namespace)</DCC_Namespace>
        <SanitizedProjectName>StressTesterGooPedir</SanitizedProjectName>
    </PropertyGroup>
    <PropertyGroup Condition="('$(Platform)'=='Win32' and '$(Base)'=='true') or '$(Base_Win32)'!=''">
        <Base_Win32>true</Base_Win32>
        <CfgParent>Base</CfgParent>
        <Base>true</Base>
    </PropertyGroup>
    <PropertyGroup Condition="('$(Platform)'=='Win32' and '$(Cfg_1)'=='true') or '$(Cfg_1_Win32)'!=''">
        <Cfg_1_Win32>true</Cfg_1_Win32>
        <CfgParent>Cfg_1</CfgParent>
        <Cfg_1>true</Cfg_1>
        <Base>true</Base>
    </PropertyGroup>
    <PropertyGroup Condition="('$(Platform)'=='Win32' and '$(Cfg_2)'=='true') or '$(Cfg_2_Win32)'!=''">
        <Cfg_2_Win32>true</Cfg_2_Win32>
        <CfgParent>Cfg_2</CfgParent>
        <Cfg_2>true</Cfg_2>
        <Base>true</Base>
    </PropertyGroup>
    <PropertyGroup Condition="'$(Config)'=='Debug' or '$(Cfg_1)'!=''">
        <Cfg_1>true</Cfg_1>
        <CfgParent>Base</CfgParent>
        <Base>true</Base>
        <DCC_Define>DEBUG;$(DCC_Define)</DCC_Define>
        <DCC_Optimize>false</DCC_Optimize>
        <DCC_DebugInformation>true</DCC_DebugInformation>
    </PropertyGroup>
    <PropertyGroup Condition="'$(Config)'=='Release' or '$(Cfg_2)'!=''">
        <Cfg_2>true</Cfg_2>
        <CfgParent>Base</CfgParent>
        <Base>true</Base>
        <DCC_Define>RELEASE;$(DCC_Define)</DCC_Define>
        <DCC_DebugInformation>0</DCC_DebugInformation>
        <DCC_LocalDebugSymbols>false</DCC_LocalDebugSymbols>
    </PropertyGroup>
    <PropertyGroup Condition="'$(Base_Win32)'!=''">
        <DCC_ExeOutput>C:\goopedir\</DCC_ExeOutput>
        <DCC_Namespace>Winapi;System.Win;Data.Win;Datasnap.Win;Web.Win;Soap.Win;Xml.Win;Bde;$(DCC_Namespace)</DCC_Namespace>
        <VerInfo_IncludeVerInfo>true</VerInfo_IncludeVerInfo>
        <VerInfo_Locale>1033</VerInfo_Locale>
    </PropertyGroup>
    <ItemGroup>
        <DelphiCompile Include="$(MainSource)">
            <MainSource>MainSource</MainSource>
        </DelphiCompile>
        <DCCReference Include="uStressTesterMain.pas"/>
        <DCCReference Include="..\src\other\Horse.pas"/>
        <DCCReference Include="..\src\other\Horse.Commons.pas"/>
        <DCCReference Include="..\src\other\Horse.Constants.pas"/>
        <DCCReference Include="..\src\other\Horse.Core.pas"/>
        <DCCReference Include="..\src\other\Horse.Core.Group.pas"/>
        <DCCReference Include="..\src\other\Horse.Core.Group.Contract.pas"/>
        <DCCReference Include="..\src\other\Horse.Core.Route.pas"/>
        <DCCReference Include="..\src\other\Horse.Core.Route.Contract.pas"/>
        <DCCReference Include="..\src\other\Horse.Core.RouterTree.pas"/>
        <DCCReference Include="..\src\other\Horse.Exception.pas"/>
        <DCCReference Include="..\src\other\Horse.HTTP.pas"/>
        <DCCReference Include="..\src\other\Horse.Proc.pas"/>
        <DCCReference Include="..\src\other\Horse.Provider.Abstract.pas"/>
        <DCCReference Include="..\src\other\Horse.Provider.Console.pas"/>
        <DCCReference Include="..\src\other\Horse.Provider.Daemon.pas"/>
        <DCCReference Include="..\src\other\Horse.Provider.ISAPI.pas"/>
        <DCCReference Include="..\src\other\Horse.Provider.Apache.pas"/>
        <DCCReference Include="..\src\other\Horse.Provider.CGI.pas"/>
        <DCCReference Include="..\src\other\Horse.Provider.VCL.pas"/>
        <DCCReference Include="..\src\other\Horse.WebModule.pas"/>
        <BuildConfiguration Include="Release">
            <Key>Cfg_2</Key>
            <CfgParent>Base</CfgParent>
        </BuildConfiguration>
        <BuildConfiguration Include="Debug">
            <Key>Cfg_1</Key>
            <CfgParent>Base</CfgParent>
        </BuildConfiguration>
    </ItemGroup>
    <ProjectExtensions>
        <Borland.Personality>Delphi.Personality.12</Borland.Personality>
        <Borland.ProjectType/>
        <BorlandProject>
            <Delphi.Personality>
                <Source>
                    <Source Name="MainSource">StressTesterGooPedir.dpr</Source>
                </Source>
            </Delphi.Personality>
        </BorlandProject>
    </ProjectExtensions>
    <Import Project="$(BDS)\Bin\CodeGear.Delphi.Targets" Condition="Exists('$(BDS)\Bin\CodeGear.Delphi.Targets')"/>
    <Import Project="$(APPDATA)\Embarcadero\$(BDSAPPDATAKEY)\UserTools.proj" Condition="Exists('$(APPDATA)\Embarcadero\$(BDSAPPDATAKEY)\UserTools.proj')"/>
</Project>
